
Microsoft Visual Studio Solution File, Format Version 12.00
# Visual Studio 2013
VisualStudioVersion = 12.0.21005.1
MinimumVisualStudioVersion = 10.0.40219.1
Project("{2150E333-8FDC-42A3-9474-1A3956D46DE8}") = "0.Test", "0.Test", "{517B0489-1869-4804-A6CB-7FA31E69D257}"
EndProject
Project("{2150E333-8FDC-42A3-9474-1A3956D46DE8}") = "1.User Interface", "1.User Interface", "{BB7E4AA3-505A-4584-963A-674AEC017071}"
EndProject
Project("{2150E333-8FDC-42A3-9474-1A3956D46DE8}") = "3.Bussiness Logic", "3.Bussiness Logic", "{1041CCE0-BEE1-4CB7-8933-38B2E202AC29}"
EndProject
Project("{2150E333-8FDC-42A3-9474-1A3956D46DE8}") = "2.WebModelCommon", "2.WebModelCommon", "{1878F9E0-A856-4F8C-A6EF-BDCDC30FD089}"
EndProject
Project("{2150E333-8FDC-42A3-9474-1A3956D46DE8}") = "4.Framework", "4.Framework", "{603A18D3-1FF3-413C-9988-098D0654F419}"
EndProject
Project("{2150E333-8FDC-42A3-9474-1A3956D46DE8}") = "5.Web Service", "5.Web Service", "{2F976E29-E349-4765-8607-A8E457E194FA}"
EndProject
Project("{2150E333-8FDC-42A3-9474-1A3956D46DE8}") = "6.Reference", "6.Reference", "{69BD14B7-D846-4FD1-9502-6C8969952B11}"
EndProject
Project("{2150E333-8FDC-42A3-9474-1A3956D46DE8}") = "7.Solution Items", "7.Solution Items", "{A1191397-3C95-4772-A622-3F29680FB2A3}"
EndProject
Project("{2150E333-8FDC-42A3-9474-1A3956D46DE8}") = "LoveLife.Framework.Caching", "LoveLife.Framework.Caching", "{27A27E3C-CC2C-4D1B-B71A-03E9D31E8505}"
EndProject
Project("{2150E333-8FDC-42A3-9474-1A3956D46DE8}") = "LoveLife.Framework.Common", "LoveLife.Framework.Common", "{9822DF1E-C934-4DE2-9777-ADC2D4EB8E8C}"
EndProject
Project("{2150E333-8FDC-42A3-9474-1A3956D46DE8}") = "LoveLife.Framework.Logging", "LoveLife.Framework.Logging", "{B4927E26-6912-4B2D-A9A2-9CE2CCF5D125}"
EndProject
Project("{2150E333-8FDC-42A3-9474-1A3956D46DE8}") = "LoveLife.Framework.FileHanding", "LoveLife.Framework.FileHanding", "{4DE90FC7-F40B-4246-91C4-3CF7C58D26EB}"
EndProject
Project("{2150E333-8FDC-42A3-9474-1A3956D46DE8}") = "LoveLife.Framework.ExceptionHanding", "LoveLife.Framework.ExceptionHanding", "{70B7DC98-8657-4ABE-B61D-5FACB4A9E475}"
EndProject
Project("{2150E333-8FDC-42A3-9474-1A3956D46DE8}") = "LoveLife.Framework.DateTimeHanding", "LoveLife.Framework.DateTimeHanding", "{A8180AB1-0E08-4CD1-AA4F-CC746478465C}"
EndProject
Project("{2150E333-8FDC-42A3-9474-1A3956D46DE8}") = "LoveLife.Framework.Notification", "LoveLife.Framework.Notification", "{86894AB1-35EC-4A9A-923E-6AC751943316}"
EndProject
Project("{2150E333-8FDC-42A3-9474-1A3956D46DE8}") = "Microsoft.EnterpriseLibrary", "Microsoft.EnterpriseLibrary", "{C22747A0-CC90-4B2E-B6EF-C1E42448F17B}"
EndProject
Project("{2150E333-8FDC-42A3-9474-1A3956D46DE8}") = "LoveLift.UserInfo", "LoveLift.UserInfo", "{B91651A3-D89B-4E60-9360-87CCA0871E7F}"
EndProject
Project("{2150E333-8FDC-42A3-9474-1A3956D46DE8}") = "NewFolder1", "NewFolder1", "{FC2261B8-A3E8-47AD-AFF2-A96C397AAA05}"
EndProject
Project("{2150E333-8FDC-42A3-9474-1A3956D46DE8}") = "LoveLift.ContentInfo", "LoveLift.ContentInfo", "{C67D0B40-329E-4C59-A366-D5907D1CC356}"
EndProject
Project("{2150E333-8FDC-42A3-9474-1A3956D46DE8}") = "LoveLift.ImagesInfo", "LoveLift.ImagesInfo", "{A66BCCE9-3AC8-4AFA-9E8A-705AEF4FE564}"
EndProject
Project("{2150E333-8FDC-42A3-9474-1A3956D46DE8}") = "LoveLift.RulerInfo", "LoveLift.RulerInfo", "{589B018D-F896-4BAC-AB7E-0FA03C2A4B62}"
EndProject
Project("{2150E333-8FDC-42A3-9474-1A3956D46DE8}") = "LoveLift.ContentInfo.Model", "LoveLift.ContentInfo.Model", "{851DB6D7-36EA-488B-9D9F-AE29A24DD299}"
	ProjectSection(SolutionItems) = preProject
		ContentInfo.cs = ContentInfo.cs
	EndProjectSection
EndProject
Project("{2150E333-8FDC-42A3-9474-1A3956D46DE8}") = "LoveLift.ContentInfo.Service", "LoveLift.ContentInfo.Service", "{1C76C116-3F50-44C5-ACE8-31445BB0C93C}"
EndProject
Project("{2150E333-8FDC-42A3-9474-1A3956D46DE8}") = "LoveLift.ContentInfo.Interface", "LoveLift.ContentInfo.Interface", "{C16E94E1-5B8F-465A-9D02-00B3B8B7885D}"
EndProject
Global
	GlobalSection(SolutionProperties) = preSolution
		HideSolutionNode = FALSE
	EndGlobalSection
	GlobalSection(NestedProjects) = preSolution
		{B91651A3-D89B-4E60-9360-87CCA0871E7F} = {1041CCE0-BEE1-4CB7-8933-38B2E202AC29}
		{C67D0B40-329E-4C59-A366-D5907D1CC356} = {1041CCE0-BEE1-4CB7-8933-38B2E202AC29}
		{A66BCCE9-3AC8-4AFA-9E8A-705AEF4FE564} = {1041CCE0-BEE1-4CB7-8933-38B2E202AC29}
		{589B018D-F896-4BAC-AB7E-0FA03C2A4B62} = {1041CCE0-BEE1-4CB7-8933-38B2E202AC29}
		{27A27E3C-CC2C-4D1B-B71A-03E9D31E8505} = {603A18D3-1FF3-413C-9988-098D0654F419}
		{9822DF1E-C934-4DE2-9777-ADC2D4EB8E8C} = {603A18D3-1FF3-413C-9988-098D0654F419}
		{B4927E26-6912-4B2D-A9A2-9CE2CCF5D125} = {603A18D3-1FF3-413C-9988-098D0654F419}
		{4DE90FC7-F40B-4246-91C4-3CF7C58D26EB} = {603A18D3-1FF3-413C-9988-098D0654F419}
		{70B7DC98-8657-4ABE-B61D-5FACB4A9E475} = {603A18D3-1FF3-413C-9988-098D0654F419}
		{A8180AB1-0E08-4CD1-AA4F-CC746478465C} = {603A18D3-1FF3-413C-9988-098D0654F419}
		{86894AB1-35EC-4A9A-923E-6AC751943316} = {603A18D3-1FF3-413C-9988-098D0654F419}
		{C22747A0-CC90-4B2E-B6EF-C1E42448F17B} = {603A18D3-1FF3-413C-9988-098D0654F419}
		{FC2261B8-A3E8-47AD-AFF2-A96C397AAA05} = {B91651A3-D89B-4E60-9360-87CCA0871E7F}
		{851DB6D7-36EA-488B-9D9F-AE29A24DD299} = {C67D0B40-329E-4C59-A366-D5907D1CC356}
		{1C76C116-3F50-44C5-ACE8-31445BB0C93C} = {C67D0B40-329E-4C59-A366-D5907D1CC356}
		{C16E94E1-5B8F-465A-9D02-00B3B8B7885D} = {C67D0B40-329E-4C59-A366-D5907D1CC356}
	EndGlobalSection
EndGlobal
